
Microsoft Visual Studio Solution File, Format Version 12.00
# Visual Studio 15
VisualStudioVersion = 15.0.27703.2026
MinimumVisualStudioVersion = 10.0.40219.1
Project("{FAE04EC0-301F-11D3-BF4B-00C04F79EFBC}") = "Web", "Web\Web.csproj", "{3CFC2487-27E4-4E87-A2F2-C5094A3FBF20}"
EndProject
Project("{FAE04EC0-301F-11D3-BF4B-00C04F79EFBC}") = "BusinessLogic", "BusinessLogic\BusinessLogic.csproj", "{FD4E067E-E0E4-4585-B2D6-874E176AA8D9}"
EndProject
Project("{FAE04EC0-301F-11D3-BF4B-00C04F79EFBC}") = "Domain", "Domain\Domain.csproj", "{80D06A30-DD0C-4B8D-821F-5CB9AF235B9A}"
EndProject
Global
	GlobalSection(SolutionConfigurationPlatforms) = preSolution
		Debug|Any CPU = Debug|Any CPU
		Release|Any CPU = Release|Any CPU
	EndGlobalSection
	GlobalSection(ProjectConfigurationPlatforms) = postSolution
		{3CFC2487-27E4-4E87-A2F2-C5094A3FBF20}.Debug|Any CPU.ActiveCfg = Debug|Any CPU
		{3CFC2487-27E4-4E87-A2F2-C5094A3FBF20}.Debug|Any CPU.Build.0 = Debug|Any CPU
		{3CFC2487-27E4-4E87-A2F2-C5094A3FBF20}.Release|Any CPU.ActiveCfg = Release|Any CPU
		{3CFC2487-27E4-4E87-A2F2-C5094A3FBF20}.Release|Any CPU.Build.0 = Release|Any CPU
		{FD4E067E-E0E4-4585-B2D6-874E176AA8D9}.Debug|Any CPU.ActiveCfg = Debug|Any CPU
		{FD4E067E-E0E4-4585-B2D6-874E176AA8D9}.Debug|Any CPU.Build.0 = Debug|Any CPU
		{FD4E067E-E0E4-4585-B2D6-874E176AA8D9}.Release|Any CPU.ActiveCfg = Release|Any CPU
		{FD4E067E-E0E4-4585-B2D6-874E176AA8D9}.Release|Any CPU.Build.0 = Release|Any CPU
		{80D06A30-DD0C-4B8D-821F-5CB9AF235B9A}.Debug|Any CPU.ActiveCfg = Debug|Any CPU
		{80D06A30-DD0C-4B8D-821F-5CB9AF235B9A}.Debug|Any CPU.Build.0 = Debug|Any CPU
		{80D06A30-DD0C-4B8D-821F-5CB9AF235B9A}.Release|Any CPU.ActiveCfg = Release|Any CPU
		{80D06A30-DD0C-4B8D-821F-5CB9AF235B9A}.Release|Any CPU.Build.0 = Release|Any CPU
	EndGlobalSection
	GlobalSection(SolutionProperties) = preSolution
		HideSolutionNode = FALSE
	EndGlobalSection
	GlobalSection(ExtensibilityGlobals) = postSolution
		SolutionGuid = {F4E25CEE-861B-41B7-909B-CCA1434F5A08}
	EndGlobalSection
EndGlobal
